{
  "name": "goja_nodejs",
  "lockfileVersion": 3,
  "requires": true,
  "packages": {
    "": {
      "workspaces": [
        "global-types",
        "url/types"
      ]
    },
    "global-types": {
      "name": "@dop251/types-goja_nodejs-global",
      "version": "0.0.1",
      "devDependencies": {
        "typescript": "next"
      }
    },
    "node_modules/@dop251/types-goja_nodejs-global": {
      "resolved": "global-types",
      "link": true
    },
    "node_modules/@dop251/types-goja_nodejs-url": {
      "resolved": "url/types",
      "link": true
    },
    "node_modules/typescript": {
      "version": "5.9.0-dev.20250314",
      "resolved": "https://registry.npmjs.org/typescript/-/typescript-5.9.0-dev.20250314.tgz",
      "integrity": "sha512-b9eLo5FjlR0BRMsYIxZYCrtTTUu97N1bh+DpQFCEm5OfRGzUg/Oc09fgct4jA4NF7R5Yg9oxWqVT90uto1TsvA==",
      "dev": true,
      "license": "Apache-2.0",
      "bin": {
        "tsc": "bin/tsc",
        "tsserver": "bin/tsserver"
      },
      "engines": {
        "node": ">=14.17"
      }
    },
    "url/types": {
      "name": "@dop251/types-goja_nodejs-url",
      "version": "0.0.1",
      "dependencies": {
        "@dop251/types-goja_nodejs-global": "0.0.1"
      },
      "devDependencies": {
        "typescript": "next"
      }
    }
  }
}
